
Microsoft Visual Studio Solution File, Format Version 12.00
# Visual Studio Version 16
VisualStudioVersion = 16.0.30204.135
MinimumVisualStudioVersion = 10.0.40219.1
Project("{FAE04EC0-301F-11D3-BF4B-00C04F79EFBC}") = "ECommerce.Api.Products", "ECommerce.Api.Products\ECommerce.Api.Products.csproj", "{DF30619F-068A-491F-A7FC-4903D2F530D1}"
EndProject
Project("{FAE04EC0-301F-11D3-BF4B-00C04F79EFBC}") = "ECommerce.Api.Customers", "ECommerce.Api.Customers\ECommerce.Api.Customers.csproj", "{C37A2D2D-33E8-4968-9DB3-AED4602A2CCC}"
EndProject
Project("{FAE04EC0-301F-11D3-BF4B-00C04F79EFBC}") = "ECommerce.Api.Orders", "ECommerce.Api.Orders\ECommerce.Api.Orders.csproj", "{78610FF4-7920-4B8D-ACB6-94E9EC5E3385}"
EndProject
Project("{FAE04EC0-301F-11D3-BF4B-00C04F79EFBC}") = "ECommerce.Api.Search", "ECommerce.Api.Search\ECommerce.Api.Search.csproj", "{3D80D310-5F57-47E2-A59B-FF6633CC3E29}"
EndProject
Project("{FAE04EC0-301F-11D3-BF4B-00C04F79EFBC}") = "ECommerce.Api.Products.Tests", "ECommerce.Api.Products.Tests\ECommerce.Api.Products.Tests.csproj", "{8C6BA4ED-5173-4325-88C1-1F85D645CAF2}"
EndProject
Global
	GlobalSection(SolutionConfigurationPlatforms) = preSolution
		Debug|Any CPU = Debug|Any CPU
		Release|Any CPU = Release|Any CPU
	EndGlobalSection
	GlobalSection(ProjectConfigurationPlatforms) = postSolution
		{DF30619F-068A-491F-A7FC-4903D2F530D1}.Debug|Any CPU.ActiveCfg = Debug|Any CPU
		{DF30619F-068A-491F-A7FC-4903D2F530D1}.Debug|Any CPU.Build.0 = Debug|Any CPU
		{DF30619F-068A-491F-A7FC-4903D2F530D1}.Release|Any CPU.ActiveCfg = Release|Any CPU
		{DF30619F-068A-491F-A7FC-4903D2F530D1}.Release|Any CPU.Build.0 = Release|Any CPU
		{C37A2D2D-33E8-4968-9DB3-AED4602A2CCC}.Debug|Any CPU.ActiveCfg = Debug|Any CPU
		{C37A2D2D-33E8-4968-9DB3-AED4602A2CCC}.Debug|Any CPU.Build.0 = Debug|Any CPU
		{C37A2D2D-33E8-4968-9DB3-AED4602A2CCC}.Release|Any CPU.ActiveCfg = Release|Any CPU
		{C37A2D2D-33E8-4968-9DB3-AED4602A2CCC}.Release|Any CPU.Build.0 = Release|Any CPU
		{78610FF4-7920-4B8D-ACB6-94E9EC5E3385}.Debug|Any CPU.ActiveCfg = Debug|Any CPU
		{78610FF4-7920-4B8D-ACB6-94E9EC5E3385}.Debug|Any CPU.Build.0 = Debug|Any CPU
		{78610FF4-7920-4B8D-ACB6-94E9EC5E3385}.Release|Any CPU.ActiveCfg = Release|Any CPU
		{78610FF4-7920-4B8D-ACB6-94E9EC5E3385}.Release|Any CPU.Build.0 = Release|Any CPU
		{3D80D310-5F57-47E2-A59B-FF6633CC3E29}.Debug|Any CPU.ActiveCfg = Debug|Any CPU
		{3D80D310-5F57-47E2-A59B-FF6633CC3E29}.Debug|Any CPU.Build.0 = Debug|Any CPU
		{3D80D310-5F57-47E2-A59B-FF6633CC3E29}.Release|Any CPU.ActiveCfg = Release|Any CPU
		{3D80D310-5F57-47E2-A59B-FF6633CC3E29}.Release|Any CPU.Build.0 = Release|Any CPU
		{8C6BA4ED-5173-4325-88C1-1F85D645CAF2}.Debug|Any CPU.ActiveCfg = Debug|Any CPU
		{8C6BA4ED-5173-4325-88C1-1F85D645CAF2}.Debug|Any CPU.Build.0 = Debug|Any CPU
		{8C6BA4ED-5173-4325-88C1-1F85D645CAF2}.Release|Any CPU.ActiveCfg = Release|Any CPU
		{8C6BA4ED-5173-4325-88C1-1F85D645CAF2}.Release|Any CPU.Build.0 = Release|Any CPU
	EndGlobalSection
	GlobalSection(SolutionProperties) = preSolution
		HideSolutionNode = FALSE
	EndGlobalSection
	GlobalSection(ExtensibilityGlobals) = postSolution
		SolutionGuid = {9C4B4E33-0DE7-4D63-A19E-F7209DE1E389}
	EndGlobalSection
EndGlobal
